
Microsoft Visual Studio Solution File, Format Version 12.00
# Visual Studio Version 16
VisualStudioVersion = 16.0.30406.217
MinimumVisualStudioVersion = 10.0.40219.1
Project("{9A19103F-16F7-4668-BE54-9A1E7A4F7556}") = "QueueWork", "QueueWork\QueueWork.csproj", "{CECB7810-85FA-47EE-BCD5-3B106BCF0ED1}"
EndProject
Project("{9A19103F-16F7-4668-BE54-9A1E7A4F7556}") = "QueueWork.Tests", "QueueWork.Tests\QueueWork.Tests.csproj", "{FC8E978E-8D2C-4340-99BB-C1A6C6CF276B}"
	ProjectSection(ProjectDependencies) = postProject
		{CECB7810-85FA-47EE-BCD5-3B106BCF0ED1} = {CECB7810-85FA-47EE-BCD5-3B106BCF0ED1}
	EndProjectSection
EndProject
Global
	GlobalSection(SolutionConfigurationPlatforms) = preSolution
		Debug|Any CPU = Debug|Any CPU
		Release|Any CPU = Release|Any CPU
	EndGlobalSection
	GlobalSection(ProjectConfigurationPlatforms) = postSolution
		{CECB7810-85FA-47EE-BCD5-3B106BCF0ED1}.Debug|Any CPU.ActiveCfg = Debug|Any CPU
		{CECB7810-85FA-47EE-BCD5-3B106BCF0ED1}.Debug|Any CPU.Build.0 = Debug|Any CPU
		{CECB7810-85FA-47EE-BCD5-3B106BCF0ED1}.Release|Any CPU.ActiveCfg = Release|Any CPU
		{CECB7810-85FA-47EE-BCD5-3B106BCF0ED1}.Release|Any CPU.Build.0 = Release|Any CPU
		{FC8E978E-8D2C-4340-99BB-C1A6C6CF276B}.Debug|Any CPU.ActiveCfg = Debug|Any CPU
		{FC8E978E-8D2C-4340-99BB-C1A6C6CF276B}.Debug|Any CPU.Build.0 = Debug|Any CPU
		{FC8E978E-8D2C-4340-99BB-C1A6C6CF276B}.Release|Any CPU.ActiveCfg = Release|Any CPU
		{FC8E978E-8D2C-4340-99BB-C1A6C6CF276B}.Release|Any CPU.Build.0 = Release|Any CPU
	EndGlobalSection
	GlobalSection(SolutionProperties) = preSolution
		HideSolutionNode = FALSE
	EndGlobalSection
	GlobalSection(ExtensibilityGlobals) = postSolution
		SolutionGuid = {84E21672-7905-4808-8BAE-C31D4AD94CC1}
	EndGlobalSection
EndGlobal
